{
  "name": "chessroulette-web",
  "version": "0.1.0",
  "lockfileVersion": 1,
  "requires": true,
  "dependencies": {
    "caniuse-lite": {
      "version": "1.0.30001282",
      "resolved": "https://registry.npmjs.org/caniuse-lite/-/caniuse-lite-1.0.30001282.tgz",
      "integrity": "sha512-YhF/hG6nqBEllymSIjLtR2iWDDnChvhnVJqp+vloyt2tEHFG1yBR+ac2B/rOw0qOK0m0lEXU2dv4E/sMk5P9Kg=="
    }
  }
}
